{
  "nodes": {
    "leo-src": {
      "flake": false,
      "locked": {
        "lastModified": 1774991993,
        "narHash": "sha256-7cc/QbOWYqTwEU443b98U3ndpopYaRn66ncEYmVuq/g=",
        "owner": "provablehq",
        "repo": "leo",
        "rev": "262135967a31aeff14500b6737322fe4ad60b38f",
        "type": "github"
      },
      "original": {
        "owner": "provablehq",
        "repo": "leo",
        "type": "github"
      }
    },
    "nixpkgs": {
      "locked": {
        "lastModified": 1774709303,
        "narHash": "sha256-D3Q07BbIA2KnTcSXIqqu9P586uWxN74zNoCH3h2ESHg=",
        "owner": "nixos",
        "repo": "nixpkgs",
        "rev": "8110df5ad7abf5d4c0f6fb0f8f978390e77f9685",
        "type": "github"
      },
      "original": {
        "owner": "nixos",
        "ref": "nixos-unstable",
        "repo": "nixpkgs",
        "type": "github"
      }
    },
    "nixpkgs_2": {
      "locked": {
        "lastModified": 1744536153,
        "narHash": "sha256-awS2zRgF4uTwrOKwwiJcByDzDOdo3Q1rPZbiHQg/N38=",
        "owner": "NixOS",
        "repo": "nixpkgs",
        "rev": "18dd725c29603f582cf1900e0d25f9f1063dbf11",
        "type": "github"
      },
      "original": {
        "owner": "NixOS",
        "ref": "nixpkgs-unstable",
        "repo": "nixpkgs",
        "type": "github"
      }
    },
    "root": {
      "inputs": {
        "leo-src": "leo-src",
        "nixpkgs": "nixpkgs",
        "rust-overlay": "rust-overlay",
        "snarkos-src": "snarkos-src",
        "systems": "systems",
        "tree-sitter-leo-src": "tree-sitter-leo-src"
      }
    },
    "rust-overlay": {
      "inputs": {
        "nixpkgs": "nixpkgs_2"
      },
      "locked": {
        "lastModified": 1774926780,
        "narHash": "sha256-JMdDYn0F+swYBILlpCeHDbCSyzqkeSGNxZ/Q5J584jM=",
        "owner": "oxalica",
        "repo": "rust-overlay",
        "rev": "962a0934d0e32f42d1b5e49186f9595f9b178d2d",
        "type": "github"
      },
      "original": {
        "owner": "oxalica",
        "repo": "rust-overlay",
        "type": "github"
      }
    },
    "snarkos-src": {
      "flake": false,
      "locked": {
        "lastModified": 1774857595,
        "narHash": "sha256-P/ufTzTWUYAdqgyUI+sc1ZU5xTSQUUBWbWkyCm2QEsA=",
        "owner": "provablehq",
        "repo": "snarkos",
        "rev": "ba0c23d24e188f1c991430af25f05cf806a2d9ef",
        "type": "github"
      },
      "original": {
        "owner": "provablehq",
        "ref": "v4.6.0",
        "repo": "snarkos",
        "type": "github"
      }
    },
    "systems": {
      "locked": {
        "lastModified": 1681028828,
        "narHash": "sha256-Vy1rq5AaRuLzOxct8nz4T6wlgyUR7zLU309k9mBC768=",
        "owner": "nix-systems",
        "repo": "default",
        "rev": "da67096a3b9bf56a91d16901293e51ba5b49a27e",
        "type": "github"
      },
      "original": {
        "owner": "nix-systems",
        "repo": "default",
        "type": "github"
      }
    },
    "tree-sitter-leo-src": {
      "flake": false,
      "locked": {
        "lastModified": 1774984662,
        "narHash": "sha256-FFttXR1l65sGkq1SJ/vEveDgRO+gcS9oOD1NFSv5wRA=",
        "owner": "provablehq",
        "repo": "leo",
        "rev": "d9207de49e0d5fe938e61110f0a917e5f5c00b9f",
        "type": "github"
      },
      "original": {
        "owner": "provablehq",
        "ref": "v4.0.0",
        "repo": "leo",
        "type": "github"
      }
    }
  },
  "root": "root",
  "version": 7
}
