{
  "nodes": {
    "leo-src": {
      "flake": false,
      "locked": {
        "lastModified": 1768314463,
        "narHash": "sha256-536gUDRAqZcxeE005vWbhhERvnwCIjeJgdI1xHbTuRA=",
        "owner": "provablehq",
        "repo": "leo",
        "rev": "f118eaf482544e201c8c73bd9e6ead591df49f36",
        "type": "github"
      },
      "original": {
        "owner": "provablehq",
        "repo": "leo",
        "type": "github"
      }
    },
    "nixpkgs": {
      "locked": {
        "lastModified": 1768305791,
        "narHash": "sha256-AIdl6WAn9aymeaH/NvBj0H9qM+XuAuYbGMZaP0zcXAQ=",
        "owner": "nixos",
        "repo": "nixpkgs",
        "rev": "1412caf7bf9e660f2f962917c14b1ea1c3bc695e",
        "type": "github"
      },
      "original": {
        "owner": "nixos",
        "ref": "nixos-unstable",
        "repo": "nixpkgs",
        "type": "github"
      }
    },
    "nixpkgs_2": {
      "locked": {
        "lastModified": 1744536153,
        "narHash": "sha256-awS2zRgF4uTwrOKwwiJcByDzDOdo3Q1rPZbiHQg/N38=",
        "owner": "NixOS",
        "repo": "nixpkgs",
        "rev": "18dd725c29603f582cf1900e0d25f9f1063dbf11",
        "type": "github"
      },
      "original": {
        "owner": "NixOS",
        "ref": "nixpkgs-unstable",
        "repo": "nixpkgs",
        "type": "github"
      }
    },
    "root": {
      "inputs": {
        "leo-src": "leo-src",
        "nixpkgs": "nixpkgs",
        "rust-overlay": "rust-overlay",
        "snarkos-src": "snarkos-src",
        "systems": "systems"
      }
    },
    "rust-overlay": {
      "inputs": {
        "nixpkgs": "nixpkgs_2"
      },
      "locked": {
        "lastModified": 1768445213,
        "narHash": "sha256-y0BglISgDr61vvdb35m0O4npuqh1pojlBNDILo9j8AI=",
        "owner": "oxalica",
        "repo": "rust-overlay",
        "rev": "1cd63408e71cc0e6a89ff2cb7c4107214e2523cc",
        "type": "github"
      },
      "original": {
        "owner": "oxalica",
        "repo": "rust-overlay",
        "type": "github"
      }
    },
    "snarkos-src": {
      "flake": false,
      "locked": {
        "lastModified": 1768561063,
        "narHash": "sha256-PxuSikLO8UfzTt9VhAzJdOk8HsJgV/nn8CgTKfrDiuY=",
        "owner": "provablehq",
        "repo": "snarkos",
        "rev": "4ec22a328d3dc583a13899b2836488a4e4e647f2",
        "type": "github"
      },
      "original": {
        "owner": "provablehq",
        "repo": "snarkos",
        "rev": "4ec22a328d3dc583a13899b2836488a4e4e647f2",
        "type": "github"
      }
    },
    "systems": {
      "locked": {
        "lastModified": 1681028828,
        "narHash": "sha256-Vy1rq5AaRuLzOxct8nz4T6wlgyUR7zLU309k9mBC768=",
        "owner": "nix-systems",
        "repo": "default",
        "rev": "da67096a3b9bf56a91d16901293e51ba5b49a27e",
        "type": "github"
      },
      "original": {
        "owner": "nix-systems",
        "repo": "default",
        "type": "github"
      }
    }
  },
  "root": "root",
  "version": 7
}
